
Microsoft Visual Studio Solution File, Format Version 12.00
# Visual Studio 15
VisualStudioVersion = 15.0.26124.0
MinimumVisualStudioVersion = 15.0.26124.0
Project("{FAE04EC0-301F-11D3-BF4B-00C04F79EFBC}") = "API", "API\API.csproj", "{9624630B-D51D-4753-BD98-A76E1B7C73F8}"
EndProject
Project("{FAE04EC0-301F-11D3-BF4B-00C04F79EFBC}") = "Core", "Core\Core.csproj", "{F2CBDE40-DDD6-4EE2-ABBE-86074170E202}"
EndProject
Project("{FAE04EC0-301F-11D3-BF4B-00C04F79EFBC}") = "Infrastructure", "Infrastructure\Infrastructure.csproj", "{C8A88DA8-E4BD-41A0-842D-BA2265C8DF18}"
EndProject
Global
	GlobalSection(SolutionConfigurationPlatforms) = preSolution
		Debug|Any CPU = Debug|Any CPU
		Debug|x64 = Debug|x64
		Debug|x86 = Debug|x86
		Release|Any CPU = Release|Any CPU
		Release|x64 = Release|x64
		Release|x86 = Release|x86
	EndGlobalSection
	GlobalSection(SolutionProperties) = preSolution
		HideSolutionNode = FALSE
	EndGlobalSection
	GlobalSection(ProjectConfigurationPlatforms) = postSolution
		{9624630B-D51D-4753-BD98-A76E1B7C73F8}.Debug|Any CPU.ActiveCfg = Debug|Any CPU
		{9624630B-D51D-4753-BD98-A76E1B7C73F8}.Debug|Any CPU.Build.0 = Debug|Any CPU
		{9624630B-D51D-4753-BD98-A76E1B7C73F8}.Debug|x64.ActiveCfg = Debug|Any CPU
		{9624630B-D51D-4753-BD98-A76E1B7C73F8}.Debug|x64.Build.0 = Debug|Any CPU
		{9624630B-D51D-4753-BD98-A76E1B7C73F8}.Debug|x86.ActiveCfg = Debug|Any CPU
		{9624630B-D51D-4753-BD98-A76E1B7C73F8}.Debug|x86.Build.0 = Debug|Any CPU
		{9624630B-D51D-4753-BD98-A76E1B7C73F8}.Release|Any CPU.ActiveCfg = Release|Any CPU
		{9624630B-D51D-4753-BD98-A76E1B7C73F8}.Release|Any CPU.Build.0 = Release|Any CPU
		{9624630B-D51D-4753-BD98-A76E1B7C73F8}.Release|x64.ActiveCfg = Release|Any CPU
		{9624630B-D51D-4753-BD98-A76E1B7C73F8}.Release|x64.Build.0 = Release|Any CPU
		{9624630B-D51D-4753-BD98-A76E1B7C73F8}.Release|x86.ActiveCfg = Release|Any CPU
		{9624630B-D51D-4753-BD98-A76E1B7C73F8}.Release|x86.Build.0 = Release|Any CPU
		{F2CBDE40-DDD6-4EE2-ABBE-86074170E202}.Debug|Any CPU.ActiveCfg = Debug|Any CPU
		{F2CBDE40-DDD6-4EE2-ABBE-86074170E202}.Debug|Any CPU.Build.0 = Debug|Any CPU
		{F2CBDE40-DDD6-4EE2-ABBE-86074170E202}.Debug|x64.ActiveCfg = Debug|Any CPU
		{F2CBDE40-DDD6-4EE2-ABBE-86074170E202}.Debug|x64.Build.0 = Debug|Any CPU
		{F2CBDE40-DDD6-4EE2-ABBE-86074170E202}.Debug|x86.ActiveCfg = Debug|Any CPU
		{F2CBDE40-DDD6-4EE2-ABBE-86074170E202}.Debug|x86.Build.0 = Debug|Any CPU
		{F2CBDE40-DDD6-4EE2-ABBE-86074170E202}.Release|Any CPU.ActiveCfg = Release|Any CPU
		{F2CBDE40-DDD6-4EE2-ABBE-86074170E202}.Release|Any CPU.Build.0 = Release|Any CPU
		{F2CBDE40-DDD6-4EE2-ABBE-86074170E202}.Release|x64.ActiveCfg = Release|Any CPU
		{F2CBDE40-DDD6-4EE2-ABBE-86074170E202}.Release|x64.Build.0 = Release|Any CPU
		{F2CBDE40-DDD6-4EE2-ABBE-86074170E202}.Release|x86.ActiveCfg = Release|Any CPU
		{F2CBDE40-DDD6-4EE2-ABBE-86074170E202}.Release|x86.Build.0 = Release|Any CPU
		{C8A88DA8-E4BD-41A0-842D-BA2265C8DF18}.Debug|Any CPU.ActiveCfg = Debug|Any CPU
		{C8A88DA8-E4BD-41A0-842D-BA2265C8DF18}.Debug|Any CPU.Build.0 = Debug|Any CPU
		{C8A88DA8-E4BD-41A0-842D-BA2265C8DF18}.Debug|x64.ActiveCfg = Debug|Any CPU
		{C8A88DA8-E4BD-41A0-842D-BA2265C8DF18}.Debug|x64.Build.0 = Debug|Any CPU
		{C8A88DA8-E4BD-41A0-842D-BA2265C8DF18}.Debug|x86.ActiveCfg = Debug|Any CPU
		{C8A88DA8-E4BD-41A0-842D-BA2265C8DF18}.Debug|x86.Build.0 = Debug|Any CPU
		{C8A88DA8-E4BD-41A0-842D-BA2265C8DF18}.Release|Any CPU.ActiveCfg = Release|Any CPU
		{C8A88DA8-E4BD-41A0-842D-BA2265C8DF18}.Release|Any CPU.Build.0 = Release|Any CPU
		{C8A88DA8-E4BD-41A0-842D-BA2265C8DF18}.Release|x64.ActiveCfg = Release|Any CPU
		{C8A88DA8-E4BD-41A0-842D-BA2265C8DF18}.Release|x64.Build.0 = Release|Any CPU
		{C8A88DA8-E4BD-41A0-842D-BA2265C8DF18}.Release|x86.ActiveCfg = Release|Any CPU
		{C8A88DA8-E4BD-41A0-842D-BA2265C8DF18}.Release|x86.Build.0 = Release|Any CPU
	EndGlobalSection
EndGlobal
